// !$*UTF8*$!
{
	archiveVersion = 1;
	classes = {
	};
	objectVersion = 56;
	objects = {

/* Begin PBXBuildFile section */
		6310E3DB29C8846800A5FE5C /* CalendarView.swift in Sources */ = {isa = PBXBuildFile; fileRef = 6310E3DA29C8846800A5FE5C /* CalendarView.swift */; };
		634B8C6E28F18798002A76AC /* Canvan.swift in Sources */ = {isa = PBXBuildFile; fileRef = 634B8C6D28F18798002A76AC /* Canvan.swift */; };
		637AD05D29D550C40048F69C /* DoneView.swift in Sources */ = {isa = PBXBuildFile; fileRef = 637AD05C29D550C40048F69C /* DoneView.swift */; };
		63C61C7B29C992EE0080A235 /* BacklogView.swift in Sources */ = {isa = PBXBuildFile; fileRef = 63C61C7A29C992EE0080A235 /* BacklogView.swift */; };
		63C61C7D29C993C20080A235 /* InProgressView.swift in Sources */ = {isa = PBXBuildFile; fileRef = 63C61C7C29C993C20080A235 /* InProgressView.swift */; };
		63C61C7F29C998960080A235 /* CanvanDetailView.swift in Sources */ = {isa = PBXBuildFile; fileRef = 63C61C7E29C998960080A235 /* CanvanDetailView.swift */; };
		63E2BCCE28F53177001E8A91 /* CanvanController.swift in Sources */ = {isa = PBXBuildFile; fileRef = 63E2BCCD28F53177001E8A91 /* CanvanController.swift */; };
		63E8F7FA28E47A1A00391F72 /* CanvanAppIosApp.swift in Sources */ = {isa = PBXBuildFile; fileRef = 63E8F7F928E47A1A00391F72 /* CanvanAppIosApp.swift */; };
		63E8F7FC28E47A1A00391F72 /* ContentView.swift in Sources */ = {isa = PBXBuildFile; fileRef = 63E8F7FB28E47A1A00391F72 /* ContentView.swift */; };
		63E8F7FE28E47A1B00391F72 /* Assets.xcassets in Resources */ = {isa = PBXBuildFile; fileRef = 63E8F7FD28E47A1B00391F72 /* Assets.xcassets */; };
		63E8F80128E47A1B00391F72 /* Preview Assets.xcassets in Resources */ = {isa = PBXBuildFile; fileRef = 63E8F80028E47A1B00391F72 /* Preview Assets.xcassets */; };
/* End PBXBuildFile section */

/* Begin PBXFileReference section */
		6310E3DA29C8846800A5FE5C /* CalendarView.swift */ = {isa = PBXFileReference; lastKnownFileType = sourcecode.swift; path = CalendarView.swift; sourceTree = "<group>"; };
		634B8C6D28F18798002A76AC /* Canvan.swift */ = {isa = PBXFileReference; lastKnownFileType = sourcecode.swift; path = Canvan.swift; sourceTree = "<group>"; };
		637AD05C29D550C40048F69C /* DoneView.swift */ = {isa = PBXFileReference; lastKnownFileType = sourcecode.swift; path = DoneView.swift; sourceTree = "<group>"; };
		63C61C7A29C992EE0080A235 /* BacklogView.swift */ = {isa = PBXFileReference; lastKnownFileType = sourcecode.swift; path = BacklogView.swift; sourceTree = "<group>"; };
		63C61C7C29C993C20080A235 /* InProgressView.swift */ = {isa = PBXFileReference; lastKnownFileType = sourcecode.swift; path = InProgressView.swift; sourceTree = "<group>"; };
		63C61C7E29C998960080A235 /* CanvanDetailView.swift */ = {isa = PBXFileReference; lastKnownFileType = sourcecode.swift; path = CanvanDetailView.swift; sourceTree = "<group>"; };
		63E2BCCD28F53177001E8A91 /* CanvanController.swift */ = {isa = PBXFileReference; lastKnownFileType = sourcecode.swift; path = CanvanController.swift; sourceTree = "<group>"; };
		63E8F7F628E47A1A00391F72 /* CanvanAppIos.app */ = {isa = PBXFileReference; explicitFileType = wrapper.application; includeInIndex = 0; path = CanvanAppIos.app; sourceTree = BUILT_PRODUCTS_DIR; };
		63E8F7F928E47A1A00391F72 /* CanvanAppIosApp.swift */ = {isa = PBXFileReference; lastKnownFileType = sourcecode.swift; path = CanvanAppIosApp.swift; sourceTree = "<group>"; };
		63E8F7FB28E47A1A00391F72 /* ContentView.swift */ = {isa = PBXFileReference; lastKnownFileType = sourcecode.swift; path = ContentView.swift; sourceTree = "<group>"; };
		63E8F7FD28E47A1B00391F72 /* Assets.xcassets */ = {isa = PBXFileReference; lastKnownFileType = folder.assetcatalog; path = Assets.xcassets; sourceTree = "<group>"; };
		63E8F80028E47A1B00391F72 /* Preview Assets.xcassets */ = {isa = PBXFileReference; lastKnownFileType = folder.assetcatalog; path = "Preview Assets.xcassets"; sourceTree = "<group>"; };
/* End PBXFileReference section */

/* Begin PBXFrameworksBuildPhase section */
		63E8F7F328E47A1A00391F72 /* Frameworks */ = {
			isa = PBXFrameworksBuildPhase;
			buildActionMask = 2147483647;
			files = (
			);
			runOnlyForDeploymentPostprocessing = 0;
		};
/* End PBXFrameworksBuildPhase section */

/* Begin PBXGroup section */
		637AD05A29D52C2E0048F69C /* CanvanField */ = {
			isa = PBXGroup;
			children = (
				63C61C7A29C992EE0080A235 /* BacklogView.swift */,
				63C61C7C29C993C20080A235 /* InProgressView.swift */,
				637AD05C29D550C40048F69C /* DoneView.swift */,
			);
			path = CanvanField;
			sourceTree = "<group>";
		};
		637AD05B29D52C740048F69C /* Model */ = {
			isa = PBXGroup;
			children = (
				634B8C6D28F18798002A76AC /* Canvan.swift */,
			);
			path = Model;
			sourceTree = "<group>";
		};
		63E8F7ED28E47A1A00391F72 = {
			isa = PBXGroup;
			children = (
				63E8F7F828E47A1A00391F72 /* CanvanAppIos */,
				63E8F7F728E47A1A00391F72 /* Products */,
			);
			sourceTree = "<group>";
		};
		63E8F7F728E47A1A00391F72 /* Products */ = {
			isa = PBXGroup;
			children = (
				63E8F7F628E47A1A00391F72 /* CanvanAppIos.app */,
			);
			name = Products;
			sourceTree = "<group>";
		};
		63E8F7F828E47A1A00391F72 /* CanvanAppIos */ = {
			isa = PBXGroup;
			children = (
				637AD05B29D52C740048F69C /* Model */,
				637AD05A29D52C2E0048F69C /* CanvanField */,
				63E8F7F928E47A1A00391F72 /* CanvanAppIosApp.swift */,
				63C61C7E29C998960080A235 /* CanvanDetailView.swift */,
				63E8F7FB28E47A1A00391F72 /* ContentView.swift */,
				63E2BCCD28F53177001E8A91 /* CanvanController.swift */,
				6310E3DA29C8846800A5FE5C /* CalendarView.swift */,
				63E8F7FD28E47A1B00391F72 /* Assets.xcassets */,
				63E8F7FF28E47A1B00391F72 /* Preview Content */,
			);
			path = CanvanAppIos;
			sourceTree = "<group>";
		};
		63E8F7FF28E47A1B00391F72 /* Preview Content */ = {
			isa = PBXGroup;
			children = (
				63E8F80028E47A1B00391F72 /* Preview Assets.xcassets */,
			);
			path = "Preview Content";
			sourceTree = "<group>";
		};
/* End PBXGroup section */

/* Begin PBXNativeTarget section */
		63E8F7F528E47A1A00391F72 /* CanvanAppIos */ = {
			isa = PBXNativeTarget;
			buildConfigurationList = 63E8F80428E47A1B00391F72 /* Build configuration list for PBXNativeTarget "CanvanAppIos" */;
			buildPhases = (
				63E8F7F228E47A1A00391F72 /* Sources */,
				63E8F7F328E47A1A00391F72 /* Frameworks */,
				63E8F7F428E47A1A00391F72 /* Resources */,
			);
			buildRules = (
			);
			dependencies = (
			);
			name = CanvanAppIos;
			productName = CanvanAppIos;
			productReference = 63E8F7F628E47A1A00391F72 /* CanvanAppIos.app */;
			productType = "com.apple.product-type.application";
		};
/* End PBXNativeTarget section */

/* Begin PBXProject section */
		63E8F7EE28E47A1A00391F72 /* Project object */ = {
			isa = PBXProject;
			attributes = {
				BuildIndependentTargetsInParallel = 1;
				LastSwiftUpdateCheck = 1400;
				LastUpgradeCheck = 1400;
				TargetAttributes = {
					63E8F7F528E47A1A00391F72 = {
						CreatedOnToolsVersion = 14.0.1;
					};
				};
			};
			buildConfigurationList = 63E8F7F128E47A1A00391F72 /* Build configuration list for PBXProject "CanvanAppIos" */;
			compatibilityVersion = "Xcode 14.0";
			developmentRegion = en;
			hasScannedForEncodings = 0;
			knownRegions = (
				en,
				Base,
			);
			mainGroup = 63E8F7ED28E47A1A00391F72;
			productRefGroup = 63E8F7F728E47A1A00391F72 /* Products */;
			projectDirPath = "";
			projectRoot = "";
			targets = (
				63E8F7F528E47A1A00391F72 /* CanvanAppIos */,
			);
		};
/* End PBXProject section */

/* Begin PBXResourcesBuildPhase section */
		63E8F7F428E47A1A00391F72 /* Resources */ = {
			isa = PBXResourcesBuildPhase;
			buildActionMask = 2147483647;
			files = (
				63E8F80128E47A1B00391F72 /* Preview Assets.xcassets in Resources */,
				63E8F7FE28E47A1B00391F72 /* Assets.xcassets in Resources */,
			);
			runOnlyForDeploymentPostprocessing = 0;
		};
/* End PBXResourcesBuildPhase section */

/* Begin PBXSourcesBuildPhase section */
		63E8F7F228E47A1A00391F72 /* Sources */ = {
			isa = PBXSourcesBuildPhase;
			buildActionMask = 2147483647;
			files = (
				6310E3DB29C8846800A5FE5C /* CalendarView.swift in Sources */,
				63E2BCCE28F53177001E8A91 /* CanvanController.swift in Sources */,
				63C61C7B29C992EE0080A235 /* BacklogView.swift in Sources */,
				63E8F7FC28E47A1A00391F72 /* ContentView.swift in Sources */,
				63C61C7F29C998960080A235 /* CanvanDetailView.swift in Sources */,
				637AD05D29D550C40048F69C /* DoneView.swift in Sources */,
				63E8F7FA28E47A1A00391F72 /* CanvanAppIosApp.swift in Sources */,
				634B8C6E28F18798002A76AC /* Canvan.swift in Sources */,
				63C61C7D29C993C20080A235 /* InProgressView.swift in Sources */,
			);
			runOnlyForDeploymentPostprocessing = 0;
		};
/* End PBXSourcesBuildPhase section */

/* Begin XCBuildConfiguration section */
		63E8F80228E47A1B00391F72 /* Debug */ = {
			isa = XCBuildConfiguration;
			buildSettings = {
				ALWAYS_SEARCH_USER_PATHS = NO;
				CLANG_ANALYZER_NONNULL = YES;
				CLANG_ANALYZER_NUMBER_OBJECT_CONVERSION = YES_AGGRESSIVE;
				CLANG_CXX_LANGUAGE_STANDARD = "gnu++20";
				CLANG_ENABLE_MODULES = YES;
				CLANG_ENABLE_OBJC_ARC = YES;
				CLANG_ENABLE_OBJC_WEAK = YES;
				CLANG_WARN_BLOCK_CAPTURE_AUTORELEASING = YES;
				CLANG_WARN_BOOL_CONVERSION = YES;
				CLANG_WARN_COMMA = YES;
				CLANG_WARN_CONSTANT_CONVERSION = YES;
				CLANG_WARN_DEPRECATED_OBJC_IMPLEMENTATIONS = YES;
				CLANG_WARN_DIRECT_OBJC_ISA_USAGE = YES_ERROR;
				CLANG_WARN_DOCUMENTATION_COMMENTS = YES;
				CLANG_WARN_EMPTY_BODY = YES;
				CLANG_WARN_ENUM_CONVERSION = YES;
				CLANG_WARN_INFINITE_RECURSION = YES;
				CLANG_WARN_INT_CONVERSION = YES;
				CLANG_WARN_NON_LITERAL_NULL_CONVERSION = YES;
				CLANG_WARN_OBJC_IMPLICIT_RETAIN_SELF = YES;
				CLANG_WARN_OBJC_LITERAL_CONVERSION = YES;
				CLANG_WARN_OBJC_ROOT_CLASS = YES_ERROR;
				CLANG_WARN_QUOTED_INCLUDE_IN_FRAMEWORK_HEADER = YES;
				CLANG_WARN_RANGE_LOOP_ANALYSIS = YES;
				CLANG_WARN_STRICT_PROTOTYPES = YES;
				CLANG_WARN_SUSPICIOUS_MOVE = YES;
				CLANG_WARN_UNGUARDED_AVAILABILITY = YES_AGGRESSIVE;
				CLANG_WARN_UNREACHABLE_CODE = YES;
				CLANG_WARN__DUPLICATE_METHOD_MATCH = YES;
				COPY_PHASE_STRIP = NO;
				DEBUG_INFORMATION_FORMAT = dwarf;
				ENABLE_STRICT_OBJC_MSGSEND = YES;
				ENABLE_TESTABILITY = YES;
				GCC_C_LANGUAGE_STANDARD = gnu11;
				GCC_DYNAMIC_NO_PIC = NO;
				GCC_NO_COMMON_BLOCKS = YES;
				GCC_OPTIMIZATION_LEVEL = 0;
				GCC_PREPROCESSOR_DEFINITIONS = (
					"DEBUG=1",
					"$(inherited)",
				);
				GCC_WARN_64_TO_32_BIT_CONVERSION = YES;
				GCC_WARN_ABOUT_RETURN_TYPE = YES_ERROR;
				GCC_WARN_UNDECLARED_SELECTOR = YES;
				GCC_WARN_UNINITIALIZED_AUTOS = YES_AGGRESSIVE;
				GCC_WARN_UNUSED_FUNCTION = YES;
				GCC_WARN_UNUSED_VARIABLE = YES;
				IPHONEOS_DEPLOYMENT_TARGET = 16.0;
				MTL_ENABLE_DEBUG_INFO = INCLUDE_SOURCE;
				MTL_FAST_MATH = YES;
				ONLY_ACTIVE_ARCH = YES;
				SDKROOT = iphoneos;
				SWIFT_ACTIVE_COMPILATION_CONDITIONS = DEBUG;
				SWIFT_OPTIMIZATION_LEVEL = "-Onone";
			};
			name = Debug;
		};
		63E8F80328E47A1B00391F72 /* Release */ = {
			isa = XCBuildConfiguration;
			buildSettings = {
				ALWAYS_SEARCH_USER_PATHS = NO;
				CLANG_ANALYZER_NONNULL = YES;
				CLANG_ANALYZER_NUMBER_OBJECT_CONVERSION = YES_AGGRESSIVE;
				CLANG_CXX_LANGUAGE_STANDARD = "gnu++20";
				CLANG_ENABLE_MODULES = YES;
				CLANG_ENABLE_OBJC_ARC = YES;
				CLANG_ENABLE_OBJC_WEAK = YES;
				CLANG_WARN_BLOCK_CAPTURE_AUTORELEASING = YES;
				CLANG_WARN_BOOL_CONVERSION = YES;
				CLANG_WARN_COMMA = YES;
				CLANG_WARN_CONSTANT_CONVERSION = YES;
				CLANG_WARN_DEPRECATED_OBJC_IMPLEMENTATIONS = YES;
				CLANG_WARN_DIRECT_OBJC_ISA_USAGE = YES_ERROR;
				CLANG_WARN_DOCUMENTATION_COMMENTS = YES;
				CLANG_WARN_EMPTY_BODY = YES;
				CLANG_WARN_ENUM_CONVERSION = YES;
				CLANG_WARN_INFINITE_RECURSION = YES;
				CLANG_WARN_INT_CONVERSION = YES;
				CLANG_WARN_NON_LITERAL_NULL_CONVERSION = YES;
				CLANG_WARN_OBJC_IMPLICIT_RETAIN_SELF = YES;
				CLANG_WARN_OBJC_LITERAL_CONVERSION = YES;
				CLANG_WARN_OBJC_ROOT_CLASS = YES_ERROR;
				CLANG_WARN_QUOTED_INCLUDE_IN_FRAMEWORK_HEADER = YES;
				CLANG_WARN_RANGE_LOOP_ANALYSIS = YES;
				CLANG_WARN_STRICT_PROTOTYPES = YES;
				CLANG_WARN_SUSPICIOUS_MOVE = YES;
				CLANG_WARN_UNGUARDED_AVAILABILITY = YES_AGGRESSIVE;
				CLANG_WARN_UNREACHABLE_CODE = YES;
				CLANG_WARN__DUPLICATE_METHOD_MATCH = YES;
				COPY_PHASE_STRIP = NO;
				DEBUG_INFORMATION_FORMAT = "dwarf-with-dsym";
				ENABLE_NS_ASSERTIONS = NO;
				ENABLE_STRICT_OBJC_MSGSEND = YES;
				GCC_C_LANGUAGE_STANDARD = gnu11;
				GCC_NO_COMMON_BLOCKS = YES;
				GCC_WARN_64_TO_32_BIT_CONVERSION = YES;
				GCC_WARN_ABOUT_RETURN_TYPE = YES_ERROR;
				GCC_WARN_UNDECLARED_SELECTOR = YES;
				GCC_WARN_UNINITIALIZED_AUTOS = YES_AGGRESSIVE;
				GCC_WARN_UNUSED_FUNCTION = YES;
				GCC_WARN_UNUSED_VARIABLE = YES;
				IPHONEOS_DEPLOYMENT_TARGET = 16.0;
				MTL_ENABLE_DEBUG_INFO = NO;
				MTL_FAST_MATH = YES;
				SDKROOT = iphoneos;
				SWIFT_COMPILATION_MODE = wholemodule;
				SWIFT_OPTIMIZATION_LEVEL = "-O";
				VALIDATE_PRODUCT = YES;
			};
			name = Release;
		};
		63E8F80528E47A1B00391F72 /* Debug */ = {
			isa = XCBuildConfiguration;
			buildSettings = {
				ASSETCATALOG_COMPILER_APPICON_NAME = AppIcon;
				ASSETCATALOG_COMPILER_GLOBAL_ACCENT_COLOR_NAME = AccentColor;
				CODE_SIGN_STYLE = Automatic;
				CURRENT_PROJECT_VERSION = 1;
				DEVELOPMENT_ASSET_PATHS = "\"CanvanAppIos/Preview Content\"";
				DEVELOPMENT_TEAM = S5VGQ6HPYR;
				ENABLE_PREVIEWS = YES;
				GENERATE_INFOPLIST_FILE = YES;
				INFOPLIST_KEY_UIApplicationSceneManifest_Generation = YES;
				INFOPLIST_KEY_UIApplicationSupportsIndirectInputEvents = YES;
				INFOPLIST_KEY_UILaunchScreen_Generation = YES;
				INFOPLIST_KEY_UISupportedInterfaceOrientations_iPad = "UIInterfaceOrientationPortrait UIInterfaceOrientationPortraitUpsideDown UIInterfaceOrientationLandscapeLeft UIInterfaceOrientationLandscapeRight";
				INFOPLIST_KEY_UISupportedInterfaceOrientations_iPhone = "UIInterfaceOrientationPortrait UIInterfaceOrientationLandscapeLeft UIInterfaceOrientationLandscapeRight";
				LD_RUNPATH_SEARCH_PATHS = (
					"$(inherited)",
					"@executable_path/Frameworks",
				);
				MARKETING_VERSION = 1.0;
				PRODUCT_BUNDLE_IDENTIFIER = com.david0929.CanvanAppIos;
				PRODUCT_NAME = "$(TARGET_NAME)";
				SUPPORTED_PLATFORMS = "iphoneos iphonesimulator";
				SUPPORTS_MACCATALYST = NO;
				SUPPORTS_MAC_DESIGNED_FOR_IPHONE_IPAD = NO;
				SWIFT_EMIT_LOC_STRINGS = YES;
				SWIFT_VERSION = 5.0;
				TARGETED_DEVICE_FAMILY = "1,2";
			};
			name = Debug;
		};
		63E8F80628E47A1B00391F72 /* Release */ = {
			isa = XCBuildConfiguration;
			buildSettings = {
				ASSETCATALOG_COMPILER_APPICON_NAME = AppIcon;
				ASSETCATALOG_COMPILER_GLOBAL_ACCENT_COLOR_NAME = AccentColor;
				CODE_SIGN_STYLE = Automatic;
				CURRENT_PROJECT_VERSION = 1;
				DEVELOPMENT_ASSET_PATHS = "\"CanvanAppIos/Preview Content\"";
				DEVELOPMENT_TEAM = S5VGQ6HPYR;
				ENABLE_PREVIEWS = YES;
				GENERATE_INFOPLIST_FILE = YES;
				INFOPLIST_KEY_UIApplicationSceneManifest_Generation = YES;
				INFOPLIST_KEY_UIApplicationSupportsIndirectInputEvents = YES;
				INFOPLIST_KEY_UILaunchScreen_Generation = YES;
				INFOPLIST_KEY_UISupportedInterfaceOrientations_iPad = "UIInterfaceOrientationPortrait UIInterfaceOrientationPortraitUpsideDown UIInterfaceOrientationLandscapeLeft UIInterfaceOrientationLandscapeRight";
				INFOPLIST_KEY_UISupportedInterfaceOrientations_iPhone = "UIInterfaceOrientationPortrait UIInterfaceOrientationLandscapeLeft UIInterfaceOrientationLandscapeRight";
				LD_RUNPATH_SEARCH_PATHS = (
					"$(inherited)",
					"@executable_path/Frameworks",
				);
				MARKETING_VERSION = 1.0;
				PRODUCT_BUNDLE_IDENTIFIER = com.david0929.CanvanAppIos;
				PRODUCT_NAME = "$(TARGET_NAME)";
				SUPPORTED_PLATFORMS = "iphoneos iphonesimulator";
				SUPPORTS_MACCATALYST = NO;
				SUPPORTS_MAC_DESIGNED_FOR_IPHONE_IPAD = NO;
				SWIFT_EMIT_LOC_STRINGS = YES;
				SWIFT_VERSION = 5.0;
				TARGETED_DEVICE_FAMILY = "1,2";
			};
			name = Release;
		};
/* End XCBuildConfiguration section */

/* Begin XCConfigurationList section */
		63E8F7F128E47A1A00391F72 /* Build configuration list for PBXProject "CanvanAppIos" */ = {
			isa = XCConfigurationList;
			buildConfigurations = (
				63E8F80228E47A1B00391F72 /* Debug */,
				63E8F80328E47A1B00391F72 /* Release */,
			);
			defaultConfigurationIsVisible = 0;
			defaultConfigurationName = Release;
		};
		63E8F80428E47A1B00391F72 /* Build configuration list for PBXNativeTarget "CanvanAppIos" */ = {
			isa = XCConfigurationList;
			buildConfigurations = (
				63E8F80528E47A1B00391F72 /* Debug */,
				63E8F80628E47A1B00391F72 /* Release */,
			);
			defaultConfigurationIsVisible = 0;
			defaultConfigurationName = Release;
		};
/* End XCConfigurationList section */
	};
	rootObject = 63E8F7EE28E47A1A00391F72 /* Project object */;
}
